
Microsoft Visual Studio Solution File, Format Version 12.00
# Visual Studio Version 17
VisualStudioVersion = 17.0.32112.339
MinimumVisualStudioVersion = 10.0.40219.1
Project("{FAE04EC0-301F-11D3-BF4B-00C04F79EFBC}") = "concepstPOO", "concepstPOO\concepstPOO.csproj", "{A316BC78-4357-4544-BC09-DB3AF15EA97C}"
EndProject
Global
	GlobalSection(SolutionConfigurationPlatforms) = preSolution
		Debug|Any CPU = Debug|Any CPU
		Release|Any CPU = Release|Any CPU
	EndGlobalSection
	GlobalSection(ProjectConfigurationPlatforms) = postSolution
		{A316BC78-4357-4544-BC09-DB3AF15EA97C}.Debug|Any CPU.ActiveCfg = Debug|Any CPU
		{A316BC78-4357-4544-BC09-DB3AF15EA97C}.Debug|Any CPU.Build.0 = Debug|Any CPU
		{A316BC78-4357-4544-BC09-DB3AF15EA97C}.Release|Any CPU.ActiveCfg = Release|Any CPU
		{A316BC78-4357-4544-BC09-DB3AF15EA97C}.Release|Any CPU.Build.0 = Release|Any CPU
	EndGlobalSection
	GlobalSection(SolutionProperties) = preSolution
		HideSolutionNode = FALSE
	EndGlobalSection
	GlobalSection(ExtensibilityGlobals) = postSolution
		SolutionGuid = {B1546C25-CBA5-42E0-9A1B-7EB9AB478D38}
	EndGlobalSection
EndGlobal
